
Microsoft Visual Studio Solution File, Format Version 12.00
# Visual Studio Version 16
VisualStudioVersion = 16.0.31112.23
MinimumVisualStudioVersion = 10.0.40219.1
Project("{FAE04EC0-301F-11D3-BF4B-00C04F79EFBC}") = "Area Calculator", "Area Calculator.csproj", "{4C0D2CDC-741C-43AB-8ABD-6ABEF9B8B228}"
EndProject
Global
	GlobalSection(SolutionConfigurationPlatforms) = preSolution
		Debug|Any CPU = Debug|Any CPU
		Release|Any CPU = Release|Any CPU
	EndGlobalSection
	GlobalSection(ProjectConfigurationPlatforms) = postSolution
		{4C0D2CDC-741C-43AB-8ABD-6ABEF9B8B228}.Debug|Any CPU.ActiveCfg = Debug|Any CPU
		{4C0D2CDC-741C-43AB-8ABD-6ABEF9B8B228}.Debug|Any CPU.Build.0 = Debug|Any CPU
		{4C0D2CDC-741C-43AB-8ABD-6ABEF9B8B228}.Release|Any CPU.ActiveCfg = Release|Any CPU
		{4C0D2CDC-741C-43AB-8ABD-6ABEF9B8B228}.Release|Any CPU.Build.0 = Release|Any CPU
	EndGlobalSection
	GlobalSection(SolutionProperties) = preSolution
		HideSolutionNode = FALSE
	EndGlobalSection
	GlobalSection(ExtensibilityGlobals) = postSolution
		SolutionGuid = {B254932E-8B50-414B-B7BD-6FC9461333E5}
	EndGlobalSection
EndGlobal
